# This file is automatically @generated by Cargo.
# It is not intended for manual editing.
[[package]]
name = "ascii_painter"
version = "0.1.0"
dependencies = [
 "canvas",
 "painter",
]

[[package]]
name = "canvas"
version = "0.1.0"

[[package]]
name = "painter"
version = "0.1.0"
dependencies = [
 "canvas",
]
